
Microsoft Visual Studio Solution File, Format Version 12.00
# Visual Studio 2012
Project("{FAE04EC0-301F-11D3-BF4B-00C04F79EFBC}") = "EstudosLambda", "EstudosLambda\EstudosLambda.csproj", "{B6F0BEC4-0EDF-4496-B440-FD293C4AD17C}"
EndProject
Global
	GlobalSection(SolutionConfigurationPlatforms) = preSolution
		Debug|Any CPU = Debug|Any CPU
		Release|Any CPU = Release|Any CPU
	EndGlobalSection
	GlobalSection(ProjectConfigurationPlatforms) = postSolution
		{B6F0BEC4-0EDF-4496-B440-FD293C4AD17C}.Debug|Any CPU.ActiveCfg = Debug|Any CPU
		{B6F0BEC4-0EDF-4496-B440-FD293C4AD17C}.Debug|Any CPU.Build.0 = Debug|Any CPU
		{B6F0BEC4-0EDF-4496-B440-FD293C4AD17C}.Release|Any CPU.ActiveCfg = Release|Any CPU
		{B6F0BEC4-0EDF-4496-B440-FD293C4AD17C}.Release|Any CPU.Build.0 = Release|Any CPU
	EndGlobalSection
	GlobalSection(SolutionProperties) = preSolution
		HideSolutionNode = FALSE
	EndGlobalSection
EndGlobal
